<Solution>
  <Configurations>
    <Platform Name="Any CPU" />
  </Configurations>
  <Project Path="Code/xgui-3_test.csproj" />
  <Folder Name="/Addons/">
    <Project Path="E:/SteamLibrary/steamapps/common/sbox/addons/base/Code/Base Library.csproj" />
  </Folder>
  <Folder Name="/Libraries/">
    <Project Path="Libraries/xenthio.xmovement/Code/xmovement.csproj" />
    <Project Path="Libraries/xenthio.xmovement/UnitTests/xmovement.unittest.csproj" />
    <Project Path="Libraries/XGUI-3/Code/xgui-3.csproj" />
    <Project Path="Libraries/XGUI-3/Editor/xgui-3.editor.csproj" />
    <Project Path="Libraries/XGUI-3/UnitTests/xgui-3.unittest.csproj" />
  </Folder>
  <Folder Name="/Tools/">
    <Project Path="E:/SteamLibrary/steamapps/common/sbox/addons/tools/Code/Base Editor Library.csproj" />
    <Project Path="E:/SteamLibrary/steamapps/common/sbox/editor/ActionGraph/Code/actiongraph.csproj" />
    <Project Path="E:/SteamLibrary/steamapps/common/sbox/editor/Hammer/Code/hammer.csproj" />
    <Project Path="E:/SteamLibrary/steamapps/common/sbox/editor/MovieMaker/Code/moviemaker.csproj" />
    <Project Path="E:/SteamLibrary/steamapps/common/sbox/editor/ShaderGraph/Code/shadergraph.csproj" />
  </Folder>
</Solution>