
Microsoft Visual Studio Solution File, Format Version 12.00
# Visual Studio Version 16
VisualStudioVersion = 16.0.29926.136
MinimumVisualStudioVersion = 15.0.26124.0
Project("{9A19103F-16F7-4668-BE54-9A1E7A4F7556}") = "Base Library", "E:\SteamLibrary\steamapps\common\sbox\addons\base\Code\Base Library.csproj", "{3CFCECAD-98E9-581B-90CF-75E5F2B140CA}"
EndProject
Project("{9A19103F-16F7-4668-BE54-9A1E7A4F7556}") = "Base Editor Library", "E:\SteamLibrary\steamapps\common\sbox\addons\tools\Code\Base Editor Library.csproj", "{0DDD0665-950C-B4D6-56B9-A5A4C73C7423}"
EndProject
Project("{9A19103F-16F7-4668-BE54-9A1E7A4F7556}") = "shadergraph", "E:\SteamLibrary\steamapps\common\sbox\editor\ShaderGraph\Code\shadergraph.csproj", "{E1F3841D-E6E7-98DF-B512-B4A0EDA94B43}"
EndProject
Project("{9A19103F-16F7-4668-BE54-9A1E7A4F7556}") = "actiongraph", "E:\SteamLibrary\steamapps\common\sbox\editor\ActionGraph\Code\actiongraph.csproj", "{D99A7B07-1DA2-FEA1-BA4C-344E12BE35C4}"
EndProject
Project("{9A19103F-16F7-4668-BE54-9A1E7A4F7556}") = "hammer", "E:\SteamLibrary\steamapps\common\sbox\editor\Hammer\Code\hammer.csproj", "{FF37D677-2789-827B-9FEC-126106445C54}"
EndProject
Project("{9A19103F-16F7-4668-BE54-9A1E7A4F7556}") = "xgui-3_test", "Code\xgui-3_test.csproj", "{A7E7D503-4847-B133-D4EB-9AA1A323B994}"
EndProject
Project("{9A19103F-16F7-4668-BE54-9A1E7A4F7556}") = "xmovement", "Libraries\xenthio.xmovement\Code\xmovement.csproj", "{E3EBDA1D-DD94-92F3-5583-F2D8716B030B}"
EndProject
Project("{9A19103F-16F7-4668-BE54-9A1E7A4F7556}") = "xmovement.unittest", "Libraries\xenthio.xmovement\UnitTests\xmovement.unittest.csproj", "{A5B9EA6C-99AF-8F87-8D41-C21C5180FFE9}"
EndProject
Project("{9A19103F-16F7-4668-BE54-9A1E7A4F7556}") = "xgui-3", "Libraries\XGUI-3\Code\xgui-3.csproj", "{E6F0DC70-0D36-3253-5B24-B8113CEBB37E}"
EndProject
Project("{9A19103F-16F7-4668-BE54-9A1E7A4F7556}") = "xgui-3.editor", "Libraries\XGUI-3\Editor\xgui-3.editor.csproj", "{87AEB7A2-7216-8FB6-0441-D53BB1143B2C}"
EndProject
Project("{9A19103F-16F7-4668-BE54-9A1E7A4F7556}") = "xgui-3.unittest", "Libraries\XGUI-3\UnitTests\xgui-3.unittest.csproj", "{6C02A512-8B77-75AD-C048-4DFCEC1781A1}"
EndProject
Project("{2150E333-8FDC-42A3-9474-1A3956D46DE8}") = "Addons", "Addons", "{7E84B5F6-56F9-A3B2-F215-7A71616B85A2}"
EndProject
Project("{2150E333-8FDC-42A3-9474-1A3956D46DE8}") = "Tools", "Tools", "{91C47821-78DC-6EB2-D97E-14E2D5EF1C9F}"
EndProject
Project("{2150E333-8FDC-42A3-9474-1A3956D46DE8}") = "Libraries", "Libraries", "{A4043C4D-9AC0-3AB1-C0E6-AD534972B49C}"
EndProject

Global
	GlobalSection(SolutionConfigurationPlatforms) = preSolution
		Debug|Any CPU = Debug|Any CPU
		Release|Any CPU = Release|Any CPU
	EndGlobalSection
	GlobalSection(ProjectConfigurationPlatforms) = postSolution
			{3CFCECAD-98E9-581B-90CF-75E5F2B140CA}.Debug|Any CPU.ActiveCfg = Debug|Any CPU
		{3CFCECAD-98E9-581B-90CF-75E5F2B140CA}.Debug|Any CPU.Build.0 = Debug|Any CPU
		{3CFCECAD-98E9-581B-90CF-75E5F2B140CA}.Release|Any CPU.ActiveCfg = Release|Any CPU
		{3CFCECAD-98E9-581B-90CF-75E5F2B140CA}.Release|Any CPU.Build.0 = Release|Any CPU
		{0DDD0665-950C-B4D6-56B9-A5A4C73C7423}.Debug|Any CPU.ActiveCfg = Debug|Any CPU
		{0DDD0665-950C-B4D6-56B9-A5A4C73C7423}.Debug|Any CPU.Build.0 = Debug|Any CPU
		{0DDD0665-950C-B4D6-56B9-A5A4C73C7423}.Release|Any CPU.ActiveCfg = Release|Any CPU
		{0DDD0665-950C-B4D6-56B9-A5A4C73C7423}.Release|Any CPU.Build.0 = Release|Any CPU
		{E1F3841D-E6E7-98DF-B512-B4A0EDA94B43}.Debug|Any CPU.ActiveCfg = Debug|Any CPU
		{E1F3841D-E6E7-98DF-B512-B4A0EDA94B43}.Debug|Any CPU.Build.0 = Debug|Any CPU
		{E1F3841D-E6E7-98DF-B512-B4A0EDA94B43}.Release|Any CPU.ActiveCfg = Release|Any CPU
		{E1F3841D-E6E7-98DF-B512-B4A0EDA94B43}.Release|Any CPU.Build.0 = Release|Any CPU
		{D99A7B07-1DA2-FEA1-BA4C-344E12BE35C4}.Debug|Any CPU.ActiveCfg = Debug|Any CPU
		{D99A7B07-1DA2-FEA1-BA4C-344E12BE35C4}.Debug|Any CPU.Build.0 = Debug|Any CPU
		{D99A7B07-1DA2-FEA1-BA4C-344E12BE35C4}.Release|Any CPU.ActiveCfg = Release|Any CPU
		{D99A7B07-1DA2-FEA1-BA4C-344E12BE35C4}.Release|Any CPU.Build.0 = Release|Any CPU
		{FF37D677-2789-827B-9FEC-126106445C54}.Debug|Any CPU.ActiveCfg = Debug|Any CPU
		{FF37D677-2789-827B-9FEC-126106445C54}.Debug|Any CPU.Build.0 = Debug|Any CPU
		{FF37D677-2789-827B-9FEC-126106445C54}.Release|Any CPU.ActiveCfg = Release|Any CPU
		{FF37D677-2789-827B-9FEC-126106445C54}.Release|Any CPU.Build.0 = Release|Any CPU
		{A7E7D503-4847-B133-D4EB-9AA1A323B994}.Debug|Any CPU.ActiveCfg = Debug|Any CPU
		{A7E7D503-4847-B133-D4EB-9AA1A323B994}.Debug|Any CPU.Build.0 = Debug|Any CPU
		{A7E7D503-4847-B133-D4EB-9AA1A323B994}.Release|Any CPU.ActiveCfg = Release|Any CPU
		{A7E7D503-4847-B133-D4EB-9AA1A323B994}.Release|Any CPU.Build.0 = Release|Any CPU
		{E3EBDA1D-DD94-92F3-5583-F2D8716B030B}.Debug|Any CPU.ActiveCfg = Debug|Any CPU
		{E3EBDA1D-DD94-92F3-5583-F2D8716B030B}.Debug|Any CPU.Build.0 = Debug|Any CPU
		{E3EBDA1D-DD94-92F3-5583-F2D8716B030B}.Release|Any CPU.ActiveCfg = Release|Any CPU
		{E3EBDA1D-DD94-92F3-5583-F2D8716B030B}.Release|Any CPU.Build.0 = Release|Any CPU
		{A5B9EA6C-99AF-8F87-8D41-C21C5180FFE9}.Debug|Any CPU.ActiveCfg = Debug|Any CPU
		{A5B9EA6C-99AF-8F87-8D41-C21C5180FFE9}.Debug|Any CPU.Build.0 = Debug|Any CPU
		{A5B9EA6C-99AF-8F87-8D41-C21C5180FFE9}.Release|Any CPU.ActiveCfg = Release|Any CPU
		{A5B9EA6C-99AF-8F87-8D41-C21C5180FFE9}.Release|Any CPU.Build.0 = Release|Any CPU
		{E6F0DC70-0D36-3253-5B24-B8113CEBB37E}.Debug|Any CPU.ActiveCfg = Debug|Any CPU
		{E6F0DC70-0D36-3253-5B24-B8113CEBB37E}.Debug|Any CPU.Build.0 = Debug|Any CPU
		{E6F0DC70-0D36-3253-5B24-B8113CEBB37E}.Release|Any CPU.ActiveCfg = Release|Any CPU
		{E6F0DC70-0D36-3253-5B24-B8113CEBB37E}.Release|Any CPU.Build.0 = Release|Any CPU
		{87AEB7A2-7216-8FB6-0441-D53BB1143B2C}.Debug|Any CPU.ActiveCfg = Debug|Any CPU
		{87AEB7A2-7216-8FB6-0441-D53BB1143B2C}.Debug|Any CPU.Build.0 = Debug|Any CPU
		{87AEB7A2-7216-8FB6-0441-D53BB1143B2C}.Release|Any CPU.ActiveCfg = Release|Any CPU
		{87AEB7A2-7216-8FB6-0441-D53BB1143B2C}.Release|Any CPU.Build.0 = Release|Any CPU
		{6C02A512-8B77-75AD-C048-4DFCEC1781A1}.Debug|Any CPU.ActiveCfg = Debug|Any CPU
		{6C02A512-8B77-75AD-C048-4DFCEC1781A1}.Debug|Any CPU.Build.0 = Debug|Any CPU
		{6C02A512-8B77-75AD-C048-4DFCEC1781A1}.Release|Any CPU.ActiveCfg = Release|Any CPU
		{6C02A512-8B77-75AD-C048-4DFCEC1781A1}.Release|Any CPU.Build.0 = Release|Any CPU

	EndGlobalSection
	GlobalSection(SolutionProperties) = preSolution
		HideSolutionNode = FALSE
	EndGlobalSection
	GlobalSection(NestedProjects) = preSolution
			{3CFCECAD-98E9-581B-90CF-75E5F2B140CA} = {7E84B5F6-56F9-A3B2-F215-7A71616B85A2}
		{0DDD0665-950C-B4D6-56B9-A5A4C73C7423} = {91C47821-78DC-6EB2-D97E-14E2D5EF1C9F}
		{E1F3841D-E6E7-98DF-B512-B4A0EDA94B43} = {91C47821-78DC-6EB2-D97E-14E2D5EF1C9F}
		{D99A7B07-1DA2-FEA1-BA4C-344E12BE35C4} = {91C47821-78DC-6EB2-D97E-14E2D5EF1C9F}
		{FF37D677-2789-827B-9FEC-126106445C54} = {91C47821-78DC-6EB2-D97E-14E2D5EF1C9F}
		{E3EBDA1D-DD94-92F3-5583-F2D8716B030B} = {A4043C4D-9AC0-3AB1-C0E6-AD534972B49C}
		{A5B9EA6C-99AF-8F87-8D41-C21C5180FFE9} = {A4043C4D-9AC0-3AB1-C0E6-AD534972B49C}
		{E6F0DC70-0D36-3253-5B24-B8113CEBB37E} = {A4043C4D-9AC0-3AB1-C0E6-AD534972B49C}
		{87AEB7A2-7216-8FB6-0441-D53BB1143B2C} = {A4043C4D-9AC0-3AB1-C0E6-AD534972B49C}
		{6C02A512-8B77-75AD-C048-4DFCEC1781A1} = {A4043C4D-9AC0-3AB1-C0E6-AD534972B49C}

	EndGlobalSection
	GlobalSection(ExtensibilityGlobals) = postSolution
		SolutionGuid = {FD1E2EC4-D69D-418D-8FBF-4CA3864E5C8C}
	EndGlobalSection
EndGlobal

